
Microsoft Visual Studio Solution File, Format Version 12.00
# Visual Studio Version 17
VisualStudioVersion = 17.5.33516.290
MinimumVisualStudioVersion = 10.0.40219.1
Project("{FAE04EC0-301F-11D3-BF4B-00C04F79EFBC}") = "ChristmasGiftClient", "ChristmasGiftClient\ChristmasGiftClient.csproj", "{39EF011C-E71F-4BFB-846C-19ED13E6C331}"
EndProject
Project("{FAE04EC0-301F-11D3-BF4B-00C04F79EFBC}") = "GiftLib", "GiftLib\GiftLib.csproj", "{45374C62-1C7C-493F-990A-925BDF7BCCD1}"
EndProject
Project("{FAE04EC0-301F-11D3-BF4B-00C04F79EFBC}") = "GiftServer", "GiftServer\GiftServer.csproj", "{D38B4753-03F0-41B8-B906-2572E8C6BC5C}"
EndProject
Global
	GlobalSection(SolutionConfigurationPlatforms) = preSolution
		Debug|Any CPU = Debug|Any CPU
		Release|Any CPU = Release|Any CPU
	EndGlobalSection
	GlobalSection(ProjectConfigurationPlatforms) = postSolution
		{39EF011C-E71F-4BFB-846C-19ED13E6C331}.Debug|Any CPU.ActiveCfg = Debug|Any CPU
		{39EF011C-E71F-4BFB-846C-19ED13E6C331}.Debug|Any CPU.Build.0 = Debug|Any CPU
		{39EF011C-E71F-4BFB-846C-19ED13E6C331}.Release|Any CPU.ActiveCfg = Release|Any CPU
		{39EF011C-E71F-4BFB-846C-19ED13E6C331}.Release|Any CPU.Build.0 = Release|Any CPU
		{45374C62-1C7C-493F-990A-925BDF7BCCD1}.Debug|Any CPU.ActiveCfg = Debug|Any CPU
		{45374C62-1C7C-493F-990A-925BDF7BCCD1}.Debug|Any CPU.Build.0 = Debug|Any CPU
		{45374C62-1C7C-493F-990A-925BDF7BCCD1}.Release|Any CPU.ActiveCfg = Release|Any CPU
		{45374C62-1C7C-493F-990A-925BDF7BCCD1}.Release|Any CPU.Build.0 = Release|Any CPU
		{D38B4753-03F0-41B8-B906-2572E8C6BC5C}.Debug|Any CPU.ActiveCfg = Debug|Any CPU
		{D38B4753-03F0-41B8-B906-2572E8C6BC5C}.Debug|Any CPU.Build.0 = Debug|Any CPU
		{D38B4753-03F0-41B8-B906-2572E8C6BC5C}.Release|Any CPU.ActiveCfg = Release|Any CPU
		{D38B4753-03F0-41B8-B906-2572E8C6BC5C}.Release|Any CPU.Build.0 = Release|Any CPU
	EndGlobalSection
	GlobalSection(SolutionProperties) = preSolution
		HideSolutionNode = FALSE
	EndGlobalSection
	GlobalSection(ExtensibilityGlobals) = postSolution
		SolutionGuid = {DEC59892-3272-4387-9ED3-A4590F81417F}
	EndGlobalSection
EndGlobal
